
Microsoft Visual Studio Solution File, Format Version 12.00
# Visual Studio Express 2012 for Web
Project("{FAE04EC0-301F-11D3-BF4B-00C04F79EFBC}") = "FirstREST", "FirstREST\FirstREST.csproj", "{5CB9423F-6A15-49A7-8855-A3BA947D56C3}"
EndProject
Project("{FAE04EC0-301F-11D3-BF4B-00C04F79EFBC}") = "FirstREST.Tests", "FirstREST.Tests\FirstREST.Tests.csproj", "{7A4FF68E-30DC-4FBD-86CD-226D7BECB505}"
EndProject
Global
	GlobalSection(SolutionConfigurationPlatforms) = preSolution
		Debug|Any CPU = Debug|Any CPU
		Release|Any CPU = Release|Any CPU
	EndGlobalSection
	GlobalSection(ProjectConfigurationPlatforms) = postSolution
		{5CB9423F-6A15-49A7-8855-A3BA947D56C3}.Debug|Any CPU.ActiveCfg = Debug|Any CPU
		{5CB9423F-6A15-49A7-8855-A3BA947D56C3}.Debug|Any CPU.Build.0 = Debug|Any CPU
		{5CB9423F-6A15-49A7-8855-A3BA947D56C3}.Release|Any CPU.ActiveCfg = Release|Any CPU
		{5CB9423F-6A15-49A7-8855-A3BA947D56C3}.Release|Any CPU.Build.0 = Release|Any CPU
		{7A4FF68E-30DC-4FBD-86CD-226D7BECB505}.Debug|Any CPU.ActiveCfg = Debug|Any CPU
		{7A4FF68E-30DC-4FBD-86CD-226D7BECB505}.Debug|Any CPU.Build.0 = Debug|Any CPU
		{7A4FF68E-30DC-4FBD-86CD-226D7BECB505}.Release|Any CPU.ActiveCfg = Release|Any CPU
		{7A4FF68E-30DC-4FBD-86CD-226D7BECB505}.Release|Any CPU.Build.0 = Release|Any CPU
	EndGlobalSection
	GlobalSection(SolutionProperties) = preSolution
		HideSolutionNode = FALSE
	EndGlobalSection
EndGlobal
